
Microsoft Visual Studio Solution File, Format Version 12.00
# Visual Studio Version 17
VisualStudioVersion = 17.9.34723.18
MinimumVisualStudioVersion = 10.0.40219.1
Project("{FAE04EC0-301F-11D3-BF4B-00C04F79EFBC}") = "EX3-TEMPERATURA-LUCASBLUM", "EX3-TEMPERATURA-LUCASBLUM.csproj", "{5275A4F3-04A3-4D61-BF30-866CEA678F1B}"
EndProject
Global
	GlobalSection(SolutionConfigurationPlatforms) = preSolution
		Debug|Any CPU = Debug|Any CPU
		Release|Any CPU = Release|Any CPU
	EndGlobalSection
	GlobalSection(ProjectConfigurationPlatforms) = postSolution
		{5275A4F3-04A3-4D61-BF30-866CEA678F1B}.Debug|Any CPU.ActiveCfg = Debug|Any CPU
		{5275A4F3-04A3-4D61-BF30-866CEA678F1B}.Debug|Any CPU.Build.0 = Debug|Any CPU
		{5275A4F3-04A3-4D61-BF30-866CEA678F1B}.Release|Any CPU.ActiveCfg = Release|Any CPU
		{5275A4F3-04A3-4D61-BF30-866CEA678F1B}.Release|Any CPU.Build.0 = Release|Any CPU
	EndGlobalSection
	GlobalSection(SolutionProperties) = preSolution
		HideSolutionNode = FALSE
	EndGlobalSection
	GlobalSection(ExtensibilityGlobals) = postSolution
		SolutionGuid = {D10FADCE-A165-4E9B-9C89-12033C0D161D}
	EndGlobalSection
EndGlobal
