
Microsoft Visual Studio Solution File, Format Version 12.00
# Visual Studio Version 17
VisualStudioVersion = 17.9.34723.18
MinimumVisualStudioVersion = 10.0.40219.1
Project("{FAE04EC0-301F-11D3-BF4B-00C04F79EFBC}") = "EX4-AULA3", "EX4-AULA3.csproj", "{43F06ED5-CA04-476A-A3FC-96AF5BD45DDF}"
EndProject
Global
	GlobalSection(SolutionConfigurationPlatforms) = preSolution
		Debug|Any CPU = Debug|Any CPU
		Release|Any CPU = Release|Any CPU
	EndGlobalSection
	GlobalSection(ProjectConfigurationPlatforms) = postSolution
		{43F06ED5-CA04-476A-A3FC-96AF5BD45DDF}.Debug|Any CPU.ActiveCfg = Debug|Any CPU
		{43F06ED5-CA04-476A-A3FC-96AF5BD45DDF}.Debug|Any CPU.Build.0 = Debug|Any CPU
		{43F06ED5-CA04-476A-A3FC-96AF5BD45DDF}.Release|Any CPU.ActiveCfg = Release|Any CPU
		{43F06ED5-CA04-476A-A3FC-96AF5BD45DDF}.Release|Any CPU.Build.0 = Release|Any CPU
	EndGlobalSection
	GlobalSection(SolutionProperties) = preSolution
		HideSolutionNode = FALSE
	EndGlobalSection
	GlobalSection(ExtensibilityGlobals) = postSolution
		SolutionGuid = {AF7FB708-B904-4EB8-89A1-3508BF1E659D}
	EndGlobalSection
EndGlobal
