
Microsoft Visual Studio Solution File, Format Version 12.00
# Visual Studio Version 17
VisualStudioVersion = 17.9.34723.18
MinimumVisualStudioVersion = 10.0.40219.1
Project("{FAE04EC0-301F-11D3-BF4B-00C04F79EFBC}") = "EX1-LUCASBLUM", "EX1-LUCASBLUM.csproj", "{FB639440-49DA-49F7-B654-0A5520027A30}"
EndProject
Global
	GlobalSection(SolutionConfigurationPlatforms) = preSolution
		Debug|Any CPU = Debug|Any CPU
		Release|Any CPU = Release|Any CPU
	EndGlobalSection
	GlobalSection(ProjectConfigurationPlatforms) = postSolution
		{FB639440-49DA-49F7-B654-0A5520027A30}.Debug|Any CPU.ActiveCfg = Debug|Any CPU
		{FB639440-49DA-49F7-B654-0A5520027A30}.Debug|Any CPU.Build.0 = Debug|Any CPU
		{FB639440-49DA-49F7-B654-0A5520027A30}.Release|Any CPU.ActiveCfg = Release|Any CPU
		{FB639440-49DA-49F7-B654-0A5520027A30}.Release|Any CPU.Build.0 = Release|Any CPU
	EndGlobalSection
	GlobalSection(SolutionProperties) = preSolution
		HideSolutionNode = FALSE
	EndGlobalSection
	GlobalSection(ExtensibilityGlobals) = postSolution
		SolutionGuid = {F7BAC81B-8491-4FA5-AC65-8C1639923BA4}
	EndGlobalSection
EndGlobal
